
Microsoft Visual Studio Solution File, Format Version 12.00
# Visual Studio Version 17
VisualStudioVersion = 17.0.31903.59
MinimumVisualStudioVersion = 10.0.40219.1
Project("{9A19103F-16F7-4668-BE54-9A1E7A4F7556}") = "Xapien", "Xapien\Xapien.csproj", "{8118AD9C-49BD-45A0-80F6-403235A92FBD}"
EndProject
Project("{9A19103F-16F7-4668-BE54-9A1E7A4F7556}") = "Xapien.Tests", "Xapien.Tests\Xapien.Tests.csproj", "{1CFB27BE-8D0A-4937-84C0-DD8C848418AF}"
EndProject
Project("{2150E333-8FDC-42A3-9474-1A3956D46DE8}") = "Examples", "Examples", "{B2D1DB8F-EAED-4FB9-B08D-B7D7FD556322}"
EndProject
Project("{2150E333-8FDC-42A3-9474-1A3956D46DE8}") = "Basic", "Basic", "{198B435E-B8DA-4C44-8AF8-C373B1DF6858}"
EndProject
Project("{9A19103F-16F7-4668-BE54-9A1E7A4F7556}") = "Xapien.Example.Basic", "Examples\Basic\Xapien.Example.Basic\Xapien.Example.Basic.csproj", "{4C1ADF7A-C2B6-48E3-BD9C-BF33A1BE4279}"
EndProject
Project("{2150E333-8FDC-42A3-9474-1A3956D46DE8}") = "State", "State", "{EFF78100-1C6B-416B-AF8F-EC50AB381EA7}"
EndProject
Project("{9A19103F-16F7-4668-BE54-9A1E7A4F7556}") = "Xapien.Example.State", "Xapien.Example.State\Xapien.Example.State.csproj", "{3ACA0495-7CC0-436E-A941-EF918DF79659}"
EndProject
Project("{2150E333-8FDC-42A3-9474-1A3956D46DE8}") = "ResultBag", "ResultBag", "{7B942F7F-7995-4D65-B380-547C41DFA1EF}"
EndProject
Project("{FAE04EC0-301F-11D3-BF4B-00C04F79EFBC}") = "Xapien.Example.ResultBag", "Examples\Xapien.Example.ResultBag\Xapien.Example.ResultBag.csproj", "{94D667EA-CC1B-4007-8BC8-7C54D6C597AE}"
EndProject
Global
	GlobalSection(SolutionConfigurationPlatforms) = preSolution
		Debug|Any CPU = Debug|Any CPU
		Release|Any CPU = Release|Any CPU
	EndGlobalSection
	GlobalSection(ProjectConfigurationPlatforms) = postSolution
		{8118AD9C-49BD-45A0-80F6-403235A92FBD}.Debug|Any CPU.ActiveCfg = Debug|Any CPU
		{8118AD9C-49BD-45A0-80F6-403235A92FBD}.Debug|Any CPU.Build.0 = Debug|Any CPU
		{8118AD9C-49BD-45A0-80F6-403235A92FBD}.Release|Any CPU.ActiveCfg = Release|Any CPU
		{8118AD9C-49BD-45A0-80F6-403235A92FBD}.Release|Any CPU.Build.0 = Release|Any CPU
		{1CFB27BE-8D0A-4937-84C0-DD8C848418AF}.Debug|Any CPU.ActiveCfg = Debug|Any CPU
		{1CFB27BE-8D0A-4937-84C0-DD8C848418AF}.Debug|Any CPU.Build.0 = Debug|Any CPU
		{1CFB27BE-8D0A-4937-84C0-DD8C848418AF}.Release|Any CPU.ActiveCfg = Release|Any CPU
		{1CFB27BE-8D0A-4937-84C0-DD8C848418AF}.Release|Any CPU.Build.0 = Release|Any CPU
		{4C1ADF7A-C2B6-48E3-BD9C-BF33A1BE4279}.Debug|Any CPU.ActiveCfg = Debug|Any CPU
		{4C1ADF7A-C2B6-48E3-BD9C-BF33A1BE4279}.Debug|Any CPU.Build.0 = Debug|Any CPU
		{4C1ADF7A-C2B6-48E3-BD9C-BF33A1BE4279}.Release|Any CPU.ActiveCfg = Release|Any CPU
		{4C1ADF7A-C2B6-48E3-BD9C-BF33A1BE4279}.Release|Any CPU.Build.0 = Release|Any CPU
		{3ACA0495-7CC0-436E-A941-EF918DF79659}.Debug|Any CPU.ActiveCfg = Debug|Any CPU
		{3ACA0495-7CC0-436E-A941-EF918DF79659}.Debug|Any CPU.Build.0 = Debug|Any CPU
		{3ACA0495-7CC0-436E-A941-EF918DF79659}.Release|Any CPU.ActiveCfg = Release|Any CPU
		{3ACA0495-7CC0-436E-A941-EF918DF79659}.Release|Any CPU.Build.0 = Release|Any CPU
		{94D667EA-CC1B-4007-8BC8-7C54D6C597AE}.Debug|Any CPU.ActiveCfg = Debug|Any CPU
		{94D667EA-CC1B-4007-8BC8-7C54D6C597AE}.Debug|Any CPU.Build.0 = Debug|Any CPU
		{94D667EA-CC1B-4007-8BC8-7C54D6C597AE}.Release|Any CPU.ActiveCfg = Release|Any CPU
		{94D667EA-CC1B-4007-8BC8-7C54D6C597AE}.Release|Any CPU.Build.0 = Release|Any CPU
	EndGlobalSection
	GlobalSection(SolutionProperties) = preSolution
		HideSolutionNode = FALSE
	EndGlobalSection
	GlobalSection(NestedProjects) = preSolution
		{198B435E-B8DA-4C44-8AF8-C373B1DF6858} = {B2D1DB8F-EAED-4FB9-B08D-B7D7FD556322}
		{4C1ADF7A-C2B6-48E3-BD9C-BF33A1BE4279} = {198B435E-B8DA-4C44-8AF8-C373B1DF6858}
		{EFF78100-1C6B-416B-AF8F-EC50AB381EA7} = {B2D1DB8F-EAED-4FB9-B08D-B7D7FD556322}
		{3ACA0495-7CC0-436E-A941-EF918DF79659} = {EFF78100-1C6B-416B-AF8F-EC50AB381EA7}
		{7B942F7F-7995-4D65-B380-547C41DFA1EF} = {B2D1DB8F-EAED-4FB9-B08D-B7D7FD556322}
		{94D667EA-CC1B-4007-8BC8-7C54D6C597AE} = {7B942F7F-7995-4D65-B380-547C41DFA1EF}
	EndGlobalSection
	GlobalSection(ExtensibilityGlobals) = postSolution
		SolutionGuid = {F3D6E254-6EF5-4B06-BBDB-96528B607DBD}
	EndGlobalSection
EndGlobal
