
Microsoft Visual Studio Solution File, Format Version 12.00
# Visual Studio Version 17
VisualStudioVersion = 17.0.31903.59
MinimumVisualStudioVersion = 10.0.40219.1
Project("{FAE04EC0-301F-11D3-BF4B-00C04F79EFBC}") = "Xapien", "Xapien\Xapien.csproj", "{8118AD9C-49BD-45A0-80F6-403235A92FBD}"
EndProject
Project("{FAE04EC0-301F-11D3-BF4B-00C04F79EFBC}") = "Xapien.Tests", "Xapien.Tests\Xapien.Tests.csproj", "{1CFB27BE-8D0A-4937-84C0-DD8C848418AF}"
EndProject
Global
	GlobalSection(SolutionConfigurationPlatforms) = preSolution
		Debug|Any CPU = Debug|Any CPU
		Release|Any CPU = Release|Any CPU
	EndGlobalSection
	GlobalSection(ProjectConfigurationPlatforms) = postSolution
		{8118AD9C-49BD-45A0-80F6-403235A92FBD}.Debug|Any CPU.ActiveCfg = Debug|Any CPU
		{8118AD9C-49BD-45A0-80F6-403235A92FBD}.Debug|Any CPU.Build.0 = Debug|Any CPU
		{8118AD9C-49BD-45A0-80F6-403235A92FBD}.Release|Any CPU.ActiveCfg = Release|Any CPU
		{8118AD9C-49BD-45A0-80F6-403235A92FBD}.Release|Any CPU.Build.0 = Release|Any CPU
		{1CFB27BE-8D0A-4937-84C0-DD8C848418AF}.Debug|Any CPU.ActiveCfg = Debug|Any CPU
		{1CFB27BE-8D0A-4937-84C0-DD8C848418AF}.Debug|Any CPU.Build.0 = Debug|Any CPU
		{1CFB27BE-8D0A-4937-84C0-DD8C848418AF}.Release|Any CPU.ActiveCfg = Release|Any CPU
		{1CFB27BE-8D0A-4937-84C0-DD8C848418AF}.Release|Any CPU.Build.0 = Release|Any CPU
	EndGlobalSection
	GlobalSection(SolutionProperties) = preSolution
		HideSolutionNode = FALSE
	EndGlobalSection
	GlobalSection(ExtensibilityGlobals) = postSolution
		SolutionGuid = {F3D6E254-6EF5-4B06-BBDB-96528B607DBD}
	EndGlobalSection
EndGlobal
